{
  "object": {
    "pins": [
      {
        "package": "Kingfisher",
        "repositoryURL": "https://github.com/onevcat/Kingfisher.git",
        "state": {
          "branch": "master",
          "revision": "b2f582873f6f3a448d1b13234e0ff8aabb2f8afc",
          "version": null
        }
      }
    ]
  },
  "version": 1
}
